
Microsoft Visual Studio Solution File, Format Version 12.00
# Visual Studio Version 17
VisualStudioVersion = 17.7.34024.191
MinimumVisualStudioVersion = 10.0.40219.1
Project("{FAE04EC0-301F-11D3-BF4B-00C04F79EFBC}") = "BigDecimalCore", "BigDecimalCore\BigDecimalCore.csproj", "{E55F87EB-08C1-45C7-8475-E214045D7D88}"
EndProject
Project("{FAE04EC0-301F-11D3-BF4B-00C04F79EFBC}") = "BigDecimalCore.Test", "BigDecimalCore.Test\BigDecimalCore.Test.csproj", "{765191B3-5838-4B73-B228-0E2DE5B6686A}"
EndProject
Global
	GlobalSection(SolutionConfigurationPlatforms) = preSolution
		Debug|Any CPU = Debug|Any CPU
		Release|Any CPU = Release|Any CPU
	EndGlobalSection
	GlobalSection(ProjectConfigurationPlatforms) = postSolution
		{E55F87EB-08C1-45C7-8475-E214045D7D88}.Debug|Any CPU.ActiveCfg = Debug|Any CPU
		{E55F87EB-08C1-45C7-8475-E214045D7D88}.Debug|Any CPU.Build.0 = Debug|Any CPU
		{E55F87EB-08C1-45C7-8475-E214045D7D88}.Release|Any CPU.ActiveCfg = Release|Any CPU
		{E55F87EB-08C1-45C7-8475-E214045D7D88}.Release|Any CPU.Build.0 = Release|Any CPU
		{765191B3-5838-4B73-B228-0E2DE5B6686A}.Debug|Any CPU.ActiveCfg = Debug|Any CPU
		{765191B3-5838-4B73-B228-0E2DE5B6686A}.Debug|Any CPU.Build.0 = Debug|Any CPU
		{765191B3-5838-4B73-B228-0E2DE5B6686A}.Release|Any CPU.ActiveCfg = Release|Any CPU
		{765191B3-5838-4B73-B228-0E2DE5B6686A}.Release|Any CPU.Build.0 = Release|Any CPU
	EndGlobalSection
	GlobalSection(SolutionProperties) = preSolution
		HideSolutionNode = FALSE
	EndGlobalSection
	GlobalSection(ExtensibilityGlobals) = postSolution
		SolutionGuid = {D5914312-BEED-4935-972A-AAE57C4C2AEC}
	EndGlobalSection
EndGlobal
